
Microsoft Visual Studio Solution File, Format Version 12.00
Project("{FAE04EC0-301F-11D3-BF4B-00C04F79EFBC}") = "ConsoleApp2", "ConsoleApp2\ConsoleApp2.csproj", "{1813E8FE-6736-4E25-A7A7-8A124E851E8D}"
EndProject
Global
	GlobalSection(SolutionConfigurationPlatforms) = preSolution
		Debug|Any CPU = Debug|Any CPU
		Release|Any CPU = Release|Any CPU
	EndGlobalSection
	GlobalSection(ProjectConfigurationPlatforms) = postSolution
		{1813E8FE-6736-4E25-A7A7-8A124E851E8D}.Debug|Any CPU.ActiveCfg = Debug|Any CPU
		{1813E8FE-6736-4E25-A7A7-8A124E851E8D}.Debug|Any CPU.Build.0 = Debug|Any CPU
		{1813E8FE-6736-4E25-A7A7-8A124E851E8D}.Release|Any CPU.ActiveCfg = Release|Any CPU
		{1813E8FE-6736-4E25-A7A7-8A124E851E8D}.Release|Any CPU.Build.0 = Release|Any CPU
	EndGlobalSection
EndGlobal
